
Microsoft Visual Studio Solution File, Format Version 12.00
# Visual Studio Version 17
VisualStudioVersion = 17.10.35122.118
MinimumVisualStudioVersion = 10.0.40219.1
Project("{9A19103F-16F7-4668-BE54-9A1E7A4F7556}") = "GeradorDeSenhas", "GeradorDeSenha\GeradorDeSenhas.csproj", "{58CFA142-A1C6-4BED-819B-3ACB3402D05B}"
EndProject
Global
	GlobalSection(SolutionConfigurationPlatforms) = preSolution
		Debug|Any CPU = Debug|Any CPU
		Release|Any CPU = Release|Any CPU
	EndGlobalSection
	GlobalSection(ProjectConfigurationPlatforms) = postSolution
		{58CFA142-A1C6-4BED-819B-3ACB3402D05B}.Debug|Any CPU.ActiveCfg = Debug|Any CPU
		{58CFA142-A1C6-4BED-819B-3ACB3402D05B}.Debug|Any CPU.Build.0 = Debug|Any CPU
		{58CFA142-A1C6-4BED-819B-3ACB3402D05B}.Release|Any CPU.ActiveCfg = Release|Any CPU
		{58CFA142-A1C6-4BED-819B-3ACB3402D05B}.Release|Any CPU.Build.0 = Release|Any CPU
	EndGlobalSection
	GlobalSection(SolutionProperties) = preSolution
		HideSolutionNode = FALSE
	EndGlobalSection
	GlobalSection(ExtensibilityGlobals) = postSolution
		SolutionGuid = {96CF6091-6FAF-431A-965E-19FC7F0C0C56}
	EndGlobalSection
EndGlobal
