
Microsoft Visual Studio Solution File, Format Version 12.00
# Visual Studio Version 17
VisualStudioVersion = 17.11.35208.52
MinimumVisualStudioVersion = 10.0.40219.1
Project("{FAE04EC0-301F-11D3-BF4B-00C04F79EFBC}") = "HubServerVittalTec", "HubServerVittalTec.csproj", "{3A1AC66C-A112-4966-87AA-C028A334C0D7}"
EndProject
Global
	GlobalSection(SolutionConfigurationPlatforms) = preSolution
		Debug|Any CPU = Debug|Any CPU
		Release|Any CPU = Release|Any CPU
	EndGlobalSection
	GlobalSection(ProjectConfigurationPlatforms) = postSolution
		{3A1AC66C-A112-4966-87AA-C028A334C0D7}.Debug|Any CPU.ActiveCfg = Debug|Any CPU
		{3A1AC66C-A112-4966-87AA-C028A334C0D7}.Debug|Any CPU.Build.0 = Debug|Any CPU
		{3A1AC66C-A112-4966-87AA-C028A334C0D7}.Release|Any CPU.ActiveCfg = Release|Any CPU
		{3A1AC66C-A112-4966-87AA-C028A334C0D7}.Release|Any CPU.Build.0 = Release|Any CPU
	EndGlobalSection
	GlobalSection(SolutionProperties) = preSolution
		HideSolutionNode = FALSE
	EndGlobalSection
	GlobalSection(ExtensibilityGlobals) = postSolution
		SolutionGuid = {4377E63C-7B4F-4AB6-9DA3-7411A64C07C2}
	EndGlobalSection
EndGlobal
